// !$*UTF8*$!
{
	archiveVersion = 1;
	classes = {
	};
	objectVersion = 56;
	objects = {

/* Begin PBXBuildFile section */
		AD000F342BF80A9D000DD226 /* AppDelegate.swift in Sources */ = {isa = PBXBuildFile; fileRef = AD000F332BF80A9D000DD226 /* AppDelegate.swift */; };
		AD000F362BF80A9D000DD226 /* SceneDelegate.swift in Sources */ = {isa = PBXBuildFile; fileRef = AD000F352BF80A9D000DD226 /* SceneDelegate.swift */; };
		AD000F382BF80A9D000DD226 /* ViewController.swift in Sources */ = {isa = PBXBuildFile; fileRef = AD000F372BF80A9D000DD226 /* ViewController.swift */; };
		AD000F3B2BF80A9D000DD226 /* Base in Resources */ = {isa = PBXBuildFile; fileRef = AD000F3A2BF80A9D000DD226 /* Base */; };
		AD000F402BF80A9F000DD226 /* Base in Resources */ = {isa = PBXBuildFile; fileRef = AD000F3F2BF80A9F000DD226 /* Base */; };
		AD000F482BF80B3A000DD226 /* StyleBertVITS2Synthesizer.swift in Sources */ = {isa = PBXBuildFile; fileRef = AD000F472BF80B3A000DD226 /* StyleBertVITS2Synthesizer.swift */; };
		AD000F5A2BF8320C000DD226 /* appstore.png in Resources */ = {isa = PBXBuildFile; fileRef = AD000F562BF8320C000DD226 /* appstore.png */; };
		AD000F5B2BF8320C000DD226 /* Assets.xcassets in Resources */ = {isa = PBXBuildFile; fileRef = AD000F572BF8320C000DD226 /* Assets.xcassets */; };
		AD000F5C2BF8320C000DD226 /* playstore.png in Resources */ = {isa = PBXBuildFile; fileRef = AD000F582BF8320C000DD226 /* playstore.png */; };
		AD000F5E2BF83DF1000DD226 /* LaunchScreen.png in Resources */ = {isa = PBXBuildFile; fileRef = AD000F5D2BF83DF1000DD226 /* LaunchScreen.png */; };
		AD2675452BFEC70500DC7CCC /* ConversationDetailViewController.swift in Sources */ = {isa = PBXBuildFile; fileRef = AD2675442BFEC70500DC7CCC /* ConversationDetailViewController.swift */; };
		AD2675472BFECA1E00DC7CCC /* ConversationHistoryViewController.swift in Sources */ = {isa = PBXBuildFile; fileRef = AD2675462BFECA1E00DC7CCC /* ConversationHistoryViewController.swift */; };
		AD26754C2C00C0E100DC7CCC /* Down in Frameworks */ = {isa = PBXBuildFile; productRef = AD26754B2C00C0E100DC7CCC /* Down */; };
		AD40B05A2BFDAEBA003DE317 /* settings_icon.png in Resources */ = {isa = PBXBuildFile; fileRef = AD40B0592BFDAEBA003DE317 /* settings_icon.png */; };
		AD40B05C2BFDB0F5003DE317 /* screen.png in Resources */ = {isa = PBXBuildFile; fileRef = AD40B05B2BFDB0F5003DE317 /* screen.png */; };
		AD85E46F2BF84F3600DE6801 /* MPLUSRounded1c-Bold.ttf in Resources */ = {isa = PBXBuildFile; fileRef = AD85E46E2BF84F3600DE6801 /* MPLUSRounded1c-Bold.ttf */; };
		AD85E4712BFD122A00DE6801 /* SettingsViewController.swift in Sources */ = {isa = PBXBuildFile; fileRef = AD85E4702BFD122A00DE6801 /* SettingsViewController.swift */; };
/* End PBXBuildFile section */

/* Begin PBXFileReference section */
		AD000F302BF80A9D000DD226 /* GiPiTe.app */ = {isa = PBXFileReference; explicitFileType = wrapper.application; includeInIndex = 0; path = GiPiTe.app; sourceTree = BUILT_PRODUCTS_DIR; };
		AD000F332BF80A9D000DD226 /* AppDelegate.swift */ = {isa = PBXFileReference; lastKnownFileType = sourcecode.swift; path = AppDelegate.swift; sourceTree = "<group>"; };
		AD000F352BF80A9D000DD226 /* SceneDelegate.swift */ = {isa = PBXFileReference; lastKnownFileType = sourcecode.swift; path = SceneDelegate.swift; sourceTree = "<group>"; };
		AD000F372BF80A9D000DD226 /* ViewController.swift */ = {isa = PBXFileReference; lastKnownFileType = sourcecode.swift; path = ViewController.swift; sourceTree = "<group>"; };
		AD000F3A2BF80A9D000DD226 /* Base */ = {isa = PBXFileReference; lastKnownFileType = file.storyboard; name = Base; path = Base.lproj/Main.storyboard; sourceTree = "<group>"; };
		AD000F3F2BF80A9F000DD226 /* Base */ = {isa = PBXFileReference; lastKnownFileType = file.storyboard; name = Base; path = Base.lproj/LaunchScreen.storyboard; sourceTree = "<group>"; };
		AD000F412BF80A9F000DD226 /* Info.plist */ = {isa = PBXFileReference; lastKnownFileType = text.plist.xml; path = Info.plist; sourceTree = "<group>"; };
		AD000F472BF80B3A000DD226 /* StyleBertVITS2Synthesizer.swift */ = {isa = PBXFileReference; lastKnownFileType = sourcecode.swift; path = StyleBertVITS2Synthesizer.swift; sourceTree = "<group>"; };
		AD000F562BF8320C000DD226 /* appstore.png */ = {isa = PBXFileReference; lastKnownFileType = image.png; path = appstore.png; sourceTree = "<group>"; };
		AD000F572BF8320C000DD226 /* Assets.xcassets */ = {isa = PBXFileReference; lastKnownFileType = folder.assetcatalog; path = Assets.xcassets; sourceTree = "<group>"; };
		AD000F582BF8320C000DD226 /* playstore.png */ = {isa = PBXFileReference; lastKnownFileType = image.png; path = playstore.png; sourceTree = "<group>"; };
		AD000F5D2BF83DF1000DD226 /* LaunchScreen.png */ = {isa = PBXFileReference; lastKnownFileType = image.png; path = LaunchScreen.png; sourceTree = "<group>"; };
		AD2675442BFEC70500DC7CCC /* ConversationDetailViewController.swift */ = {isa = PBXFileReference; lastKnownFileType = sourcecode.swift; path = ConversationDetailViewController.swift; sourceTree = "<group>"; };
		AD2675462BFECA1E00DC7CCC /* ConversationHistoryViewController.swift */ = {isa = PBXFileReference; lastKnownFileType = sourcecode.swift; path = ConversationHistoryViewController.swift; sourceTree = "<group>"; };
		AD2675482BFEE32700DC7CCC /* ja */ = {isa = PBXFileReference; lastKnownFileType = text.plist.strings; name = ja; path = ja.lproj/Main.strings; sourceTree = "<group>"; };
		AD2675492BFEE32700DC7CCC /* ja */ = {isa = PBXFileReference; lastKnownFileType = text.plist.strings; name = ja; path = ja.lproj/LaunchScreen.strings; sourceTree = "<group>"; };
		AD40B0592BFDAEBA003DE317 /* settings_icon.png */ = {isa = PBXFileReference; lastKnownFileType = image.png; path = settings_icon.png; sourceTree = "<group>"; };
		AD40B05B2BFDB0F5003DE317 /* screen.png */ = {isa = PBXFileReference; lastKnownFileType = image.png; path = screen.png; sourceTree = "<group>"; };
		AD85E46E2BF84F3600DE6801 /* MPLUSRounded1c-Bold.ttf */ = {isa = PBXFileReference; lastKnownFileType = file; path = "MPLUSRounded1c-Bold.ttf"; sourceTree = "<group>"; };
		AD85E4702BFD122A00DE6801 /* SettingsViewController.swift */ = {isa = PBXFileReference; lastKnownFileType = sourcecode.swift; path = SettingsViewController.swift; sourceTree = "<group>"; };
/* End PBXFileReference section */

/* Begin PBXFrameworksBuildPhase section */
		AD000F2D2BF80A9D000DD226 /* Frameworks */ = {
			isa = PBXFrameworksBuildPhase;
			buildActionMask = 2147483647;
			files = (
				AD26754C2C00C0E100DC7CCC /* Down in Frameworks */,
			);
			runOnlyForDeploymentPostprocessing = 0;
		};
/* End PBXFrameworksBuildPhase section */

/* Begin PBXGroup section */
		AD000F272BF80A9D000DD226 = {
			isa = PBXGroup;
			children = (
				AD000F592BF8320C000DD226 /* AppIcons */,
				AD000F322BF80A9D000DD226 /* GiPiTe */,
				AD000F4B2BF82C5A000DD226 /* Resources */,
				AD000F312BF80A9D000DD226 /* Products */,
			);
			sourceTree = "<group>";
		};
		AD000F312BF80A9D000DD226 /* Products */ = {
			isa = PBXGroup;
			children = (
				AD000F302BF80A9D000DD226 /* GiPiTe.app */,
			);
			name = Products;
			sourceTree = "<group>";
		};
		AD000F322BF80A9D000DD226 /* GiPiTe */ = {
			isa = PBXGroup;
			children = (
				AD000F332BF80A9D000DD226 /* AppDelegate.swift */,
				AD000F352BF80A9D000DD226 /* SceneDelegate.swift */,
				AD000F472BF80B3A000DD226 /* StyleBertVITS2Synthesizer.swift */,
				AD000F372BF80A9D000DD226 /* ViewController.swift */,
				AD000F392BF80A9D000DD226 /* Main.storyboard */,
				AD000F3E2BF80A9F000DD226 /* LaunchScreen.storyboard */,
				AD000F412BF80A9F000DD226 /* Info.plist */,
				AD85E4702BFD122A00DE6801 /* SettingsViewController.swift */,
				AD2675442BFEC70500DC7CCC /* ConversationDetailViewController.swift */,
				AD2675462BFECA1E00DC7CCC /* ConversationHistoryViewController.swift */,
			);
			path = GiPiTe;
			sourceTree = "<group>";
		};
		AD000F4B2BF82C5A000DD226 /* Resources */ = {
			isa = PBXGroup;
			children = (
				AD40B05B2BFDB0F5003DE317 /* screen.png */,
				AD40B0592BFDAEBA003DE317 /* settings_icon.png */,
				AD85E46E2BF84F3600DE6801 /* MPLUSRounded1c-Bold.ttf */,
				AD000F5D2BF83DF1000DD226 /* LaunchScreen.png */,
			);
			path = Resources;
			sourceTree = "<group>";
		};
		AD000F592BF8320C000DD226 /* AppIcons */ = {
			isa = PBXGroup;
			children = (
				AD000F562BF8320C000DD226 /* appstore.png */,
				AD000F572BF8320C000DD226 /* Assets.xcassets */,
				AD000F582BF8320C000DD226 /* playstore.png */,
			);
			path = AppIcons;
			sourceTree = "<group>";
		};
/* End PBXGroup section */

/* Begin PBXNativeTarget section */
		AD000F2F2BF80A9D000DD226 /* GiPiTe */ = {
			isa = PBXNativeTarget;
			buildConfigurationList = AD000F442BF80A9F000DD226 /* Build configuration list for PBXNativeTarget "GiPiTe" */;
			buildPhases = (
				AD000F2C2BF80A9D000DD226 /* Sources */,
				AD000F2D2BF80A9D000DD226 /* Frameworks */,
				AD000F2E2BF80A9D000DD226 /* Resources */,
			);
			buildRules = (
			);
			dependencies = (
			);
			name = GiPiTe;
			packageProductDependencies = (
				AD26754B2C00C0E100DC7CCC /* Down */,
			);
			productName = GiPiTe;
			productReference = AD000F302BF80A9D000DD226 /* GiPiTe.app */;
			productType = "com.apple.product-type.application";
		};
/* End PBXNativeTarget section */

/* Begin PBXProject section */
		AD000F282BF80A9D000DD226 /* Project object */ = {
			isa = PBXProject;
			attributes = {
				BuildIndependentTargetsInParallel = 1;
				LastSwiftUpdateCheck = 1540;
				LastUpgradeCheck = 1540;
				TargetAttributes = {
					AD000F2F2BF80A9D000DD226 = {
						CreatedOnToolsVersion = 15.4;
					};
				};
			};
			buildConfigurationList = AD000F2B2BF80A9D000DD226 /* Build configuration list for PBXProject "GiPiTe" */;
			compatibilityVersion = "Xcode 14.0";
			developmentRegion = ja;
			hasScannedForEncodings = 0;
			knownRegions = (
				en,
				Base,
				ja,
			);
			mainGroup = AD000F272BF80A9D000DD226;
			packageReferences = (
				AD26754A2C00C0E100DC7CCC /* XCRemoteSwiftPackageReference "Down" */,
			);
			productRefGroup = AD000F312BF80A9D000DD226 /* Products */;
			projectDirPath = "";
			projectRoot = "";
			targets = (
				AD000F2F2BF80A9D000DD226 /* GiPiTe */,
			);
		};
/* End PBXProject section */

/* Begin PBXResourcesBuildPhase section */
		AD000F2E2BF80A9D000DD226 /* Resources */ = {
			isa = PBXResourcesBuildPhase;
			buildActionMask = 2147483647;
			files = (
				AD000F5A2BF8320C000DD226 /* appstore.png in Resources */,
				AD40B05C2BFDB0F5003DE317 /* screen.png in Resources */,
				AD000F402BF80A9F000DD226 /* Base in Resources */,
				AD000F3B2BF80A9D000DD226 /* Base in Resources */,
				AD000F5B2BF8320C000DD226 /* Assets.xcassets in Resources */,
				AD40B05A2BFDAEBA003DE317 /* settings_icon.png in Resources */,
				AD000F5C2BF8320C000DD226 /* playstore.png in Resources */,
				AD000F5E2BF83DF1000DD226 /* LaunchScreen.png in Resources */,
				AD85E46F2BF84F3600DE6801 /* MPLUSRounded1c-Bold.ttf in Resources */,
			);
			runOnlyForDeploymentPostprocessing = 0;
		};
/* End PBXResourcesBuildPhase section */

/* Begin PBXSourcesBuildPhase section */
		AD000F2C2BF80A9D000DD226 /* Sources */ = {
			isa = PBXSourcesBuildPhase;
			buildActionMask = 2147483647;
			files = (
				AD000F482BF80B3A000DD226 /* StyleBertVITS2Synthesizer.swift in Sources */,
				AD000F382BF80A9D000DD226 /* ViewController.swift in Sources */,
				AD2675452BFEC70500DC7CCC /* ConversationDetailViewController.swift in Sources */,
				AD000F342BF80A9D000DD226 /* AppDelegate.swift in Sources */,
				AD85E4712BFD122A00DE6801 /* SettingsViewController.swift in Sources */,
				AD2675472BFECA1E00DC7CCC /* ConversationHistoryViewController.swift in Sources */,
				AD000F362BF80A9D000DD226 /* SceneDelegate.swift in Sources */,
			);
			runOnlyForDeploymentPostprocessing = 0;
		};
/* End PBXSourcesBuildPhase section */

/* Begin PBXVariantGroup section */
		AD000F392BF80A9D000DD226 /* Main.storyboard */ = {
			isa = PBXVariantGroup;
			children = (
				AD000F3A2BF80A9D000DD226 /* Base */,
				AD2675482BFEE32700DC7CCC /* ja */,
			);
			name = Main.storyboard;
			sourceTree = "<group>";
		};
		AD000F3E2BF80A9F000DD226 /* LaunchScreen.storyboard */ = {
			isa = PBXVariantGroup;
			children = (
				AD000F3F2BF80A9F000DD226 /* Base */,
				AD2675492BFEE32700DC7CCC /* ja */,
			);
			name = LaunchScreen.storyboard;
			sourceTree = "<group>";
		};
/* End PBXVariantGroup section */

/* Begin XCBuildConfiguration section */
		AD000F422BF80A9F000DD226 /* Debug */ = {
			isa = XCBuildConfiguration;
			buildSettings = {
				ALWAYS_SEARCH_USER_PATHS = NO;
				ASSETCATALOG_COMPILER_GENERATE_SWIFT_ASSET_SYMBOL_EXTENSIONS = YES;
				CLANG_ANALYZER_LOCALIZABILITY_NONLOCALIZED = YES;
				CLANG_ANALYZER_NONNULL = YES;
				CLANG_ANALYZER_NUMBER_OBJECT_CONVERSION = YES_AGGRESSIVE;
				CLANG_CXX_LANGUAGE_STANDARD = "gnu++20";
				CLANG_ENABLE_MODULES = YES;
				CLANG_ENABLE_OBJC_ARC = YES;
				CLANG_ENABLE_OBJC_WEAK = YES;
				CLANG_WARN_BLOCK_CAPTURE_AUTORELEASING = YES;
				CLANG_WARN_BOOL_CONVERSION = YES;
				CLANG_WARN_COMMA = YES;
				CLANG_WARN_CONSTANT_CONVERSION = YES;
				CLANG_WARN_DEPRECATED_OBJC_IMPLEMENTATIONS = YES;
				CLANG_WARN_DIRECT_OBJC_ISA_USAGE = YES_ERROR;
				CLANG_WARN_DOCUMENTATION_COMMENTS = YES;
				CLANG_WARN_EMPTY_BODY = YES;
				CLANG_WARN_ENUM_CONVERSION = YES;
				CLANG_WARN_INFINITE_RECURSION = YES;
				CLANG_WARN_INT_CONVERSION = YES;
				CLANG_WARN_NON_LITERAL_NULL_CONVERSION = YES;
				CLANG_WARN_OBJC_IMPLICIT_RETAIN_SELF = YES;
				CLANG_WARN_OBJC_LITERAL_CONVERSION = YES;
				CLANG_WARN_OBJC_ROOT_CLASS = YES_ERROR;
				CLANG_WARN_QUOTED_INCLUDE_IN_FRAMEWORK_HEADER = YES;
				CLANG_WARN_RANGE_LOOP_ANALYSIS = YES;
				CLANG_WARN_STRICT_PROTOTYPES = YES;
				CLANG_WARN_SUSPICIOUS_MOVE = YES;
				CLANG_WARN_UNGUARDED_AVAILABILITY = YES_AGGRESSIVE;
				CLANG_WARN_UNREACHABLE_CODE = YES;
				CLANG_WARN__DUPLICATE_METHOD_MATCH = YES;
				COPY_PHASE_STRIP = NO;
				DEBUG_INFORMATION_FORMAT = dwarf;
				ENABLE_STRICT_OBJC_MSGSEND = YES;
				ENABLE_TESTABILITY = YES;
				ENABLE_USER_SCRIPT_SANDBOXING = YES;
				GCC_C_LANGUAGE_STANDARD = gnu17;
				GCC_DYNAMIC_NO_PIC = NO;
				GCC_NO_COMMON_BLOCKS = YES;
				GCC_OPTIMIZATION_LEVEL = 0;
				GCC_PREPROCESSOR_DEFINITIONS = (
					"DEBUG=1",
					"$(inherited)",
				);
				GCC_WARN_64_TO_32_BIT_CONVERSION = YES;
				GCC_WARN_ABOUT_RETURN_TYPE = YES_ERROR;
				GCC_WARN_UNDECLARED_SELECTOR = YES;
				GCC_WARN_UNINITIALIZED_AUTOS = YES_AGGRESSIVE;
				GCC_WARN_UNUSED_FUNCTION = YES;
				GCC_WARN_UNUSED_VARIABLE = YES;
				IPHONEOS_DEPLOYMENT_TARGET = 17.5;
				LOCALIZATION_PREFERS_STRING_CATALOGS = YES;
				MTL_ENABLE_DEBUG_INFO = INCLUDE_SOURCE;
				MTL_FAST_MATH = YES;
				ONLY_ACTIVE_ARCH = YES;
				SDKROOT = iphoneos;
				SWIFT_ACTIVE_COMPILATION_CONDITIONS = "DEBUG $(inherited)";
				SWIFT_OPTIMIZATION_LEVEL = "-Onone";
			};
			name = Debug;
		};
		AD000F432BF80A9F000DD226 /* Release */ = {
			isa = XCBuildConfiguration;
			buildSettings = {
				ALWAYS_SEARCH_USER_PATHS = NO;
				ASSETCATALOG_COMPILER_GENERATE_SWIFT_ASSET_SYMBOL_EXTENSIONS = YES;
				CLANG_ANALYZER_LOCALIZABILITY_NONLOCALIZED = YES;
				CLANG_ANALYZER_NONNULL = YES;
				CLANG_ANALYZER_NUMBER_OBJECT_CONVERSION = YES_AGGRESSIVE;
				CLANG_CXX_LANGUAGE_STANDARD = "gnu++20";
				CLANG_ENABLE_MODULES = YES;
				CLANG_ENABLE_OBJC_ARC = YES;
				CLANG_ENABLE_OBJC_WEAK = YES;
				CLANG_WARN_BLOCK_CAPTURE_AUTORELEASING = YES;
				CLANG_WARN_BOOL_CONVERSION = YES;
				CLANG_WARN_COMMA = YES;
				CLANG_WARN_CONSTANT_CONVERSION = YES;
				CLANG_WARN_DEPRECATED_OBJC_IMPLEMENTATIONS = YES;
				CLANG_WARN_DIRECT_OBJC_ISA_USAGE = YES_ERROR;
				CLANG_WARN_DOCUMENTATION_COMMENTS = YES;
				CLANG_WARN_EMPTY_BODY = YES;
				CLANG_WARN_ENUM_CONVERSION = YES;
				CLANG_WARN_INFINITE_RECURSION = YES;
				CLANG_WARN_INT_CONVERSION = YES;
				CLANG_WARN_NON_LITERAL_NULL_CONVERSION = YES;
				CLANG_WARN_OBJC_IMPLICIT_RETAIN_SELF = YES;
				CLANG_WARN_OBJC_LITERAL_CONVERSION = YES;
				CLANG_WARN_OBJC_ROOT_CLASS = YES_ERROR;
				CLANG_WARN_QUOTED_INCLUDE_IN_FRAMEWORK_HEADER = YES;
				CLANG_WARN_RANGE_LOOP_ANALYSIS = YES;
				CLANG_WARN_STRICT_PROTOTYPES = YES;
				CLANG_WARN_SUSPICIOUS_MOVE = YES;
				CLANG_WARN_UNGUARDED_AVAILABILITY = YES_AGGRESSIVE;
				CLANG_WARN_UNREACHABLE_CODE = YES;
				CLANG_WARN__DUPLICATE_METHOD_MATCH = YES;
				COPY_PHASE_STRIP = NO;
				DEBUG_INFORMATION_FORMAT = "dwarf-with-dsym";
				ENABLE_NS_ASSERTIONS = NO;
				ENABLE_STRICT_OBJC_MSGSEND = YES;
				ENABLE_USER_SCRIPT_SANDBOXING = YES;
				GCC_C_LANGUAGE_STANDARD = gnu17;
				GCC_NO_COMMON_BLOCKS = YES;
				GCC_WARN_64_TO_32_BIT_CONVERSION = YES;
				GCC_WARN_ABOUT_RETURN_TYPE = YES_ERROR;
				GCC_WARN_UNDECLARED_SELECTOR = YES;
				GCC_WARN_UNINITIALIZED_AUTOS = YES_AGGRESSIVE;
				GCC_WARN_UNUSED_FUNCTION = YES;
				GCC_WARN_UNUSED_VARIABLE = YES;
				IPHONEOS_DEPLOYMENT_TARGET = 17.5;
				LOCALIZATION_PREFERS_STRING_CATALOGS = YES;
				MTL_ENABLE_DEBUG_INFO = NO;
				MTL_FAST_MATH = YES;
				SDKROOT = iphoneos;
				SWIFT_COMPILATION_MODE = wholemodule;
				VALIDATE_PRODUCT = YES;
			};
			name = Release;
		};
		AD000F452BF80A9F000DD226 /* Debug */ = {
			isa = XCBuildConfiguration;
			buildSettings = {
				ASSETCATALOG_COMPILER_APPICON_NAME = AppIcon;
				ASSETCATALOG_COMPILER_GLOBAL_ACCENT_COLOR_NAME = AccentColor;
				ASSETCATALOG_COMPILER_INCLUDE_ALL_APPICON_ASSETS = YES;
				CODE_SIGN_IDENTITY = "Apple Development";
				CODE_SIGN_STYLE = Automatic;
				CURRENT_PROJECT_VERSION = 1;
				DEVELOPMENT_TEAM = LQTN94P862;
				GENERATE_INFOPLIST_FILE = YES;
				INFOPLIST_FILE = GiPiTe/Info.plist;
				INFOPLIST_KEY_LSApplicationCategoryType = "public.app-category.productivity";
				INFOPLIST_KEY_NSMicrophoneUsageDescription = "This app uses the microphone to use the speech recognition function.";
				INFOPLIST_KEY_NSSpeechRecognitionUsageDescription = "This app uses the speech recognition due to sending your message to GPT.";
				INFOPLIST_KEY_UIApplicationSupportsIndirectInputEvents = YES;
				INFOPLIST_KEY_UILaunchStoryboardName = LaunchScreen;
				INFOPLIST_KEY_UIMainStoryboardFile = Main;
				INFOPLIST_KEY_UISupportedInterfaceOrientations_iPad = "UIInterfaceOrientationPortrait UIInterfaceOrientationPortraitUpsideDown UIInterfaceOrientationLandscapeLeft UIInterfaceOrientationLandscapeRight";
				INFOPLIST_KEY_UISupportedInterfaceOrientations_iPhone = "UIInterfaceOrientationPortrait UIInterfaceOrientationLandscapeLeft UIInterfaceOrientationLandscapeRight";
				IPHONEOS_DEPLOYMENT_TARGET = 17.5;
				LD_RUNPATH_SEARCH_PATHS = (
					"$(inherited)",
					"@executable_path/Frameworks",
				);
				MARKETING_VERSION = 24.5.24;
				PRODUCT_BUNDLE_IDENTIFIER = ai.latelatte.GiPiTe;
				PRODUCT_NAME = "$(TARGET_NAME)";
				PROVISIONING_PROFILE_SPECIFIER = "";
				SWIFT_EMIT_LOC_STRINGS = YES;
				SWIFT_VERSION = 5.0;
				TARGETED_DEVICE_FAMILY = "1,2";
			};
			name = Debug;
		};
		AD000F462BF80A9F000DD226 /* Release */ = {
			isa = XCBuildConfiguration;
			buildSettings = {
				ASSETCATALOG_COMPILER_APPICON_NAME = AppIcon;
				ASSETCATALOG_COMPILER_GLOBAL_ACCENT_COLOR_NAME = AccentColor;
				ASSETCATALOG_COMPILER_INCLUDE_ALL_APPICON_ASSETS = YES;
				CODE_SIGN_IDENTITY = "Apple Development";
				CODE_SIGN_STYLE = Automatic;
				CURRENT_PROJECT_VERSION = 1;
				DEVELOPMENT_TEAM = LQTN94P862;
				GENERATE_INFOPLIST_FILE = YES;
				INFOPLIST_FILE = GiPiTe/Info.plist;
				INFOPLIST_KEY_LSApplicationCategoryType = "public.app-category.productivity";
				INFOPLIST_KEY_NSMicrophoneUsageDescription = "This app uses the microphone to use the speech recognition function.";
				INFOPLIST_KEY_NSSpeechRecognitionUsageDescription = "This app uses the speech recognition due to sending your message to GPT.";
				INFOPLIST_KEY_UIApplicationSupportsIndirectInputEvents = YES;
				INFOPLIST_KEY_UILaunchStoryboardName = LaunchScreen;
				INFOPLIST_KEY_UIMainStoryboardFile = Main;
				INFOPLIST_KEY_UISupportedInterfaceOrientations_iPad = "UIInterfaceOrientationPortrait UIInterfaceOrientationPortraitUpsideDown UIInterfaceOrientationLandscapeLeft UIInterfaceOrientationLandscapeRight";
				INFOPLIST_KEY_UISupportedInterfaceOrientations_iPhone = "UIInterfaceOrientationPortrait UIInterfaceOrientationLandscapeLeft UIInterfaceOrientationLandscapeRight";
				IPHONEOS_DEPLOYMENT_TARGET = 17.5;
				LD_RUNPATH_SEARCH_PATHS = (
					"$(inherited)",
					"@executable_path/Frameworks",
				);
				MARKETING_VERSION = 24.5.24;
				PRODUCT_BUNDLE_IDENTIFIER = ai.latelatte.GiPiTe;
				PRODUCT_NAME = "$(TARGET_NAME)";
				PROVISIONING_PROFILE_SPECIFIER = "";
				SWIFT_EMIT_LOC_STRINGS = YES;
				SWIFT_VERSION = 5.0;
				TARGETED_DEVICE_FAMILY = "1,2";
			};
			name = Release;
		};
/* End XCBuildConfiguration section */

/* Begin XCConfigurationList section */
		AD000F2B2BF80A9D000DD226 /* Build configuration list for PBXProject "GiPiTe" */ = {
			isa = XCConfigurationList;
			buildConfigurations = (
				AD000F422BF80A9F000DD226 /* Debug */,
				AD000F432BF80A9F000DD226 /* Release */,
			);
			defaultConfigurationIsVisible = 0;
			defaultConfigurationName = Release;
		};
		AD000F442BF80A9F000DD226 /* Build configuration list for PBXNativeTarget "GiPiTe" */ = {
			isa = XCConfigurationList;
			buildConfigurations = (
				AD000F452BF80A9F000DD226 /* Debug */,
				AD000F462BF80A9F000DD226 /* Release */,
			);
			defaultConfigurationIsVisible = 0;
			defaultConfigurationName = Release;
		};
/* End XCConfigurationList section */

/* Begin XCRemoteSwiftPackageReference section */
		AD26754A2C00C0E100DC7CCC /* XCRemoteSwiftPackageReference "Down" */ = {
			isa = XCRemoteSwiftPackageReference;
			repositoryURL = "https://github.com/johnxnguyen/Down";
			requirement = {
				branch = master;
				kind = branch;
			};
		};
/* End XCRemoteSwiftPackageReference section */

/* Begin XCSwiftPackageProductDependency section */
		AD26754B2C00C0E100DC7CCC /* Down */ = {
			isa = XCSwiftPackageProductDependency;
			package = AD26754A2C00C0E100DC7CCC /* XCRemoteSwiftPackageReference "Down" */;
			productName = Down;
		};
/* End XCSwiftPackageProductDependency section */
	};
	rootObject = AD000F282BF80A9D000DD226 /* Project object */;
}
